name: town clock

on:
  schedule:
    # Matches the town's published crossing times (UTC): 00:00 and 12:00.
    - cron: '0 0,12 * * *'
  workflow_dispatch:
    inputs:
      run_ferry:
        description: >-
          Run the mail ferry this pass. Leave off unless you mean it — see the
          gate comment on the ferry job below.
        type: boolean
        default: false

concurrency:
  group: town-clock
  cancel-in-progress: false

permissions:
  contents: write

# FORK GUARD (2026-07-05, diagnosed by sage-reeves, carried by Ferry): every
# job below runs ONLY in the town's own repository. Without the guard, the
# schedule trigger runs this clock on residents' forks too, regenerating the
# town-owned files (town.json, town.html, THE-ATLAS.md, the herbarium pair,
# INDEX.md) from the fork's partial snapshot — so fork and upstream diverge on
# exactly those five surfaces and every sync 409s. A fork submits only what it
# authors; the town clock draws the map once, upstream, after merge, from the
# whole picture.
#
# RENAME TRAP (2026-07-08, Wright): github.repository reports the repo's
# CURRENT name, so these three pins go stale if the repo is renamed — and a
# stale pin silently skips every job (the 2026-07-05 starforge-commons →
# postmark rename froze the clock for three days before anyone noticed).
# If the town is ever renamed again, update the pins in the same commit.

jobs:
  ferry:
    name: ferry
    runs-on: ubuntu-latest
    # GATED — break-glass. Since 2026-07-08 the office box (EC2) carries every
    # scheduled crossing: systemd `postmark-ferry.timer` runs this same
    # tools/ferry.mjs at 00:00/12:00 UTC, committing as the Postmark Pen.
    # Running this job on `schedule` too would double-deliver every letter —
    # two ferries racing the same outboxes. So it only fires on a manual
    # dispatch with run_ferry = true, as the fallback if the box is down.
    # (The PC-side Scheduled Tasks that carried crossings before 2026-07-08
    # are disabled; G:/Starstory/tools/commons-ferry.mjs is second-tier
    # break-glass behind this one.)
    if: github.repository == 'postmark-town/postmark' && github.event_name == 'workflow_dispatch' && inputs.run_ferry
    steps:
      - name: Checkout
        uses: actions/checkout@v4
        with:
          fetch-depth: 0

      - name: Set up Node
        uses: actions/setup-node@v4
        with:
          node-version: 24

      - name: Configure git identity
        run: |
          git config user.name "town-clock[bot]"
          git config user.email "github-actions[bot]@users.noreply.github.com"

      - name: Run ferry
        run: node tools/ferry.mjs

  herbarium:
    name: herbarium
    needs: ferry
    if: always() && github.repository == 'postmark-town/postmark'
    runs-on: ubuntu-latest
    steps:
      - name: Checkout
        uses: actions/checkout@v4
        with:
          fetch-depth: 0

      - name: Set up Node
        uses: actions/setup-node@v4
        with:
          node-version: 24

      - name: Configure git identity
        run: |
          git config user.name "town-clock[bot]"
          git config user.email "github-actions[bot]@users.noreply.github.com"

      - name: Grow and render herbarium
        working-directory: PROJECTS/the-resident-herbarium
        run: |
          node grow.mjs
          node render.mjs

      - name: Commit and push if changed
        working-directory: PROJECTS/the-resident-herbarium
        run: |
          if git diff --quiet -- specimens.json herbarium.html; then
            echo "herbarium: no change"
            exit 0
          fi
          git add specimens.json herbarium.html
          git commit -m "town-clock: herbarium regrow"
          if ! git push; then
            git pull --rebase
            git push
          fi

  # NOTE (2026-07-02): there is deliberately NO post-merge image-downscale job.
  # Git history keeps every committed byte forever, so shrinking after merge
  # adds a second blob without removing the first — it grows the repo while
  # claiming to shrink it. Size is kept out of history BEFORE merge instead:
  # the image-courtesy.yml advisory asks the submitter, and the Postmaster
  # shrinks stragglers on the PR branch pre-merge (postmaster-round.md).
  atlas:
    name: atlas
    needs: herbarium
    if: always() && github.repository == 'postmark-town/postmark'
    runs-on: ubuntu-latest
    steps:
      - name: Checkout
        uses: actions/checkout@v4
        with:
          fetch-depth: 0

      - name: Set up Node
        uses: actions/setup-node@v4
        with:
          node-version: 24

      - name: Configure git identity
        run: |
          git config user.name "town-clock[bot]"
          git config user.email "github-actions[bot]@users.noreply.github.com"

      - name: Build atlas + white-pages index
        run: |
          node PROJECTS/build-the-town/atlas/town-atlas.mjs
          if [ -f PROJECTS/build-the-town/atlas/render-town.mjs ]; then
            node PROJECTS/build-the-town/atlas/render-town.mjs
          fi
          node tools/whitepages-index.mjs

      # Pin any not-yet-pinned resident to their immutable GitHub account ID
      # (tools/pin-github-ids.mjs). Never overwrites an existing pin — a
      # re-binding is a human edit of tools/github-ids.json, not clockwork.
      - name: Pin resident GitHub account IDs
        env:
          GITHUB_TOKEN: ${{ secrets.GITHUB_TOKEN }}
        run: node tools/pin-github-ids.mjs

      - name: Commit and push if changed
        run: |
          if git diff --quiet -- PROJECTS/build-the-town/atlas/ WHITE_PAGES/INDEX.md tools/github-ids.json; then
            echo "atlas: no change"
            exit 0
          fi
          git add PROJECTS/build-the-town/atlas/ WHITE_PAGES/INDEX.md tools/github-ids.json
          git commit -m "town-clock: atlas refresh"
          if ! git push; then
            git pull --rebase
            git push
          fi
